
Microsoft Visual Studio Solution File, Format Version 12.00
# Visual Studio Version 17
VisualStudioVersion = 17.3.32825.248
MinimumVisualStudioVersion = 10.0.40219.1
Project("{FAE04EC0-301F-11D3-BF4B-00C04F79EFBC}") = "Compression", "Compression.csproj", "{B5231F2C-B0FD-4E2B-A6AC-2ADDF8E22514}"
EndProject
Global
	GlobalSection(SolutionConfigurationPlatforms) = preSolution
		Debug|Any CPU = Debug|Any CPU
		Release|Any CPU = Release|Any CPU
	EndGlobalSection
	GlobalSection(ProjectConfigurationPlatforms) = postSolution
		{B5231F2C-B0FD-4E2B-A6AC-2ADDF8E22514}.Debug|Any CPU.ActiveCfg = Debug|Any CPU
		{B5231F2C-B0FD-4E2B-A6AC-2ADDF8E22514}.Debug|Any CPU.Build.0 = Debug|Any CPU
		{B5231F2C-B0FD-4E2B-A6AC-2ADDF8E22514}.Release|Any CPU.ActiveCfg = Release|Any CPU
		{B5231F2C-B0FD-4E2B-A6AC-2ADDF8E22514}.Release|Any CPU.Build.0 = Release|Any CPU
	EndGlobalSection
	GlobalSection(SolutionProperties) = preSolution
		HideSolutionNode = FALSE
	EndGlobalSection
	GlobalSection(ExtensibilityGlobals) = postSolution
		SolutionGuid = {7FB4017F-5D40-41E5-9822-58C5000F077B}
	EndGlobalSection
EndGlobal
